
Microsoft Visual Studio Solution File, Format Version 12.00
# Visual Studio Version 17
VisualStudioVersion = 17.2.32516.85
MinimumVisualStudioVersion = 10.0.40219.1
Project("{2150E333-8FDC-42A3-9474-1A3956D46DE8}") = "FrontEnd", "FrontEnd", "{8310AAE2-1DBA-4940-A72D-D03D1D4FCE88}"
EndProject
Project("{FAE04EC0-301F-11D3-BF4B-00C04F79EFBC}") = "Mango.Web", "Mango.Web\Mango.Web.csproj", "{B463D56F-57FB-4ACD-8FCF-B5DBC60C7A46}"
EndProject
Project("{2150E333-8FDC-42A3-9474-1A3956D46DE8}") = "Services", "Services", "{A24A1BCF-FC57-4954-BF16-0839FCEF888D}"
EndProject
Project("{FAE04EC0-301F-11D3-BF4B-00C04F79EFBC}") = "Food.Services.RestorantAPI1", "Food.Services.RestorantAPI1\Food.Services.RestorantAPI1.csproj", "{18A2601A-DC36-4EDE-B3C3-7D95F38B9127}"
EndProject
Global
	GlobalSection(SolutionConfigurationPlatforms) = preSolution
		Debug|Any CPU = Debug|Any CPU
		Release|Any CPU = Release|Any CPU
	EndGlobalSection
	GlobalSection(ProjectConfigurationPlatforms) = postSolution
		{B463D56F-57FB-4ACD-8FCF-B5DBC60C7A46}.Debug|Any CPU.ActiveCfg = Debug|Any CPU
		{B463D56F-57FB-4ACD-8FCF-B5DBC60C7A46}.Debug|Any CPU.Build.0 = Debug|Any CPU
		{B463D56F-57FB-4ACD-8FCF-B5DBC60C7A46}.Release|Any CPU.ActiveCfg = Release|Any CPU
		{B463D56F-57FB-4ACD-8FCF-B5DBC60C7A46}.Release|Any CPU.Build.0 = Release|Any CPU
		{18A2601A-DC36-4EDE-B3C3-7D95F38B9127}.Debug|Any CPU.ActiveCfg = Debug|Any CPU
		{18A2601A-DC36-4EDE-B3C3-7D95F38B9127}.Debug|Any CPU.Build.0 = Debug|Any CPU
		{18A2601A-DC36-4EDE-B3C3-7D95F38B9127}.Release|Any CPU.ActiveCfg = Release|Any CPU
		{18A2601A-DC36-4EDE-B3C3-7D95F38B9127}.Release|Any CPU.Build.0 = Release|Any CPU
	EndGlobalSection
	GlobalSection(SolutionProperties) = preSolution
		HideSolutionNode = FALSE
	EndGlobalSection
	GlobalSection(NestedProjects) = preSolution
		{B463D56F-57FB-4ACD-8FCF-B5DBC60C7A46} = {8310AAE2-1DBA-4940-A72D-D03D1D4FCE88}
		{18A2601A-DC36-4EDE-B3C3-7D95F38B9127} = {A24A1BCF-FC57-4954-BF16-0839FCEF888D}
	EndGlobalSection
	GlobalSection(ExtensibilityGlobals) = postSolution
		SolutionGuid = {2C2A54B7-C71F-4672-B1B6-6CFACD6618D2}
	EndGlobalSection
EndGlobal
